
Microsoft Visual Studio Solution File, Format Version 12.00
# Visual Studio Version 17
VisualStudioVersion = 17.14.36511.14
MinimumVisualStudioVersion = 10.0.40219.1
Project("{FAE04EC0-301F-11D3-BF4B-00C04F79EFBC}") = "CalculatorApp", "CalculatorApp\CalculatorApp.csproj", "{7B2C49C8-9BF1-415E-9429-9A866297ADC2}"
EndProject
Project("{FAE04EC0-301F-11D3-BF4B-00C04F79EFBC}") = "CalculatorApp.Tests", "CalculatorApp.Tests\CalculatorApp.Tests.csproj", "{C40268DC-349F-460A-A470-6F8CB477FB8B}"
EndProject
Global
	GlobalSection(SolutionConfigurationPlatforms) = preSolution
		Debug|Any CPU = Debug|Any CPU
		Release|Any CPU = Release|Any CPU
	EndGlobalSection
	GlobalSection(ProjectConfigurationPlatforms) = postSolution
		{7B2C49C8-9BF1-415E-9429-9A866297ADC2}.Debug|Any CPU.ActiveCfg = Debug|Any CPU
		{7B2C49C8-9BF1-415E-9429-9A866297ADC2}.Debug|Any CPU.Build.0 = Debug|Any CPU
		{7B2C49C8-9BF1-415E-9429-9A866297ADC2}.Release|Any CPU.ActiveCfg = Release|Any CPU
		{7B2C49C8-9BF1-415E-9429-9A866297ADC2}.Release|Any CPU.Build.0 = Release|Any CPU
		{C40268DC-349F-460A-A470-6F8CB477FB8B}.Debug|Any CPU.ActiveCfg = Debug|Any CPU
		{C40268DC-349F-460A-A470-6F8CB477FB8B}.Debug|Any CPU.Build.0 = Debug|Any CPU
		{C40268DC-349F-460A-A470-6F8CB477FB8B}.Release|Any CPU.ActiveCfg = Release|Any CPU
		{C40268DC-349F-460A-A470-6F8CB477FB8B}.Release|Any CPU.Build.0 = Release|Any CPU
	EndGlobalSection
	GlobalSection(SolutionProperties) = preSolution
		HideSolutionNode = FALSE
	EndGlobalSection
	GlobalSection(ExtensibilityGlobals) = postSolution
		SolutionGuid = {4E5C7DAB-7C56-4063-8494-C54B7AEF4B91}
	EndGlobalSection
EndGlobal
